
Microsoft Visual Studio Solution File, Format Version 12.00
# Visual Studio Version 17
VisualStudioVersion = 17.4.33110.190
MinimumVisualStudioVersion = 10.0.40219.1
Project("{FAE04EC0-301F-11D3-BF4B-00C04F79EFBC}") = "Strings", "StringReverse\Strings.csproj", "{00E69C8E-9A52-46DC-A5F0-ADB29674F4C6}"
EndProject
Project("{FAE04EC0-301F-11D3-BF4B-00C04F79EFBC}") = "GraphAlgorithms", "GraphAlgorithms\GraphAlgorithms.csproj", "{3ECE66CF-F679-4C01-9C44-93AF62870881}"
EndProject
Project("{FAE04EC0-301F-11D3-BF4B-00C04F79EFBC}") = "Sorting", "Sorting\Sorting.csproj", "{DDD9C5FC-983D-4DA2-89B4-ED9C16ADD1C6}"
EndProject
Project("{FAE04EC0-301F-11D3-BF4B-00C04F79EFBC}") = "Tests", "Tests\Tests.csproj", "{4551E13F-240F-4500-B1E6-CB40739E806B}"
EndProject
Global
	GlobalSection(SolutionConfigurationPlatforms) = preSolution
		Debug|Any CPU = Debug|Any CPU
		Release|Any CPU = Release|Any CPU
	EndGlobalSection
	GlobalSection(ProjectConfigurationPlatforms) = postSolution
		{00E69C8E-9A52-46DC-A5F0-ADB29674F4C6}.Debug|Any CPU.ActiveCfg = Debug|Any CPU
		{00E69C8E-9A52-46DC-A5F0-ADB29674F4C6}.Debug|Any CPU.Build.0 = Debug|Any CPU
		{00E69C8E-9A52-46DC-A5F0-ADB29674F4C6}.Release|Any CPU.ActiveCfg = Release|Any CPU
		{00E69C8E-9A52-46DC-A5F0-ADB29674F4C6}.Release|Any CPU.Build.0 = Release|Any CPU
		{3ECE66CF-F679-4C01-9C44-93AF62870881}.Debug|Any CPU.ActiveCfg = Debug|Any CPU
		{3ECE66CF-F679-4C01-9C44-93AF62870881}.Debug|Any CPU.Build.0 = Debug|Any CPU
		{3ECE66CF-F679-4C01-9C44-93AF62870881}.Release|Any CPU.ActiveCfg = Release|Any CPU
		{3ECE66CF-F679-4C01-9C44-93AF62870881}.Release|Any CPU.Build.0 = Release|Any CPU
		{DDD9C5FC-983D-4DA2-89B4-ED9C16ADD1C6}.Debug|Any CPU.ActiveCfg = Debug|Any CPU
		{DDD9C5FC-983D-4DA2-89B4-ED9C16ADD1C6}.Debug|Any CPU.Build.0 = Debug|Any CPU
		{DDD9C5FC-983D-4DA2-89B4-ED9C16ADD1C6}.Release|Any CPU.ActiveCfg = Release|Any CPU
		{DDD9C5FC-983D-4DA2-89B4-ED9C16ADD1C6}.Release|Any CPU.Build.0 = Release|Any CPU
		{4551E13F-240F-4500-B1E6-CB40739E806B}.Debug|Any CPU.ActiveCfg = Debug|Any CPU
		{4551E13F-240F-4500-B1E6-CB40739E806B}.Debug|Any CPU.Build.0 = Debug|Any CPU
		{4551E13F-240F-4500-B1E6-CB40739E806B}.Release|Any CPU.ActiveCfg = Release|Any CPU
		{4551E13F-240F-4500-B1E6-CB40739E806B}.Release|Any CPU.Build.0 = Release|Any CPU
	EndGlobalSection
	GlobalSection(SolutionProperties) = preSolution
		HideSolutionNode = FALSE
	EndGlobalSection
	GlobalSection(ExtensibilityGlobals) = postSolution
		SolutionGuid = {8A3518D4-76CA-4DA5-A479-115FF12F3CD8}
	EndGlobalSection
EndGlobal
